
Microsoft Visual Studio Solution File, Format Version 12.00
# Visual Studio 14
VisualStudioVersion = 14.0.25123.0
MinimumVisualStudioVersion = 10.0.40219.1
Project("{FAE04EC0-301F-11D3-BF4B-00C04F79EFBC}") = "Tortuga.Sails.source", "Tortuga.Sails.source\Tortuga.Sails.source.csproj", "{AD24FB72-7191-4BEC-BE2E-82CAB1A333CE}"
EndProject
Project("{FAE04EC0-301F-11D3-BF4B-00C04F79EFBC}") = "Tortuga.Sails.net46", "Tortuga.Sails.net46\Tortuga.Sails.net46.csproj", "{9B7A5D57-48D9-4A5C-AA92-3BC5F45BDAD0}"
EndProject
Project("{2150E333-8FDC-42A3-9474-1A3956D46DE8}") = "Solution Items", "Solution Items", "{B0264C0E-86AF-4DC5-ACB3-77928C9B62FC}"
	ProjectSection(SolutionItems) = preProject
		Package.Tortuga.Sails.msbuild = Package.Tortuga.Sails.msbuild
		Tortuga.Sails.nuspec = Tortuga.Sails.nuspec
		Tortuga.Sails.ruleset = Tortuga.Sails.ruleset
	EndProjectSection
EndProject
Project("{FAE04EC0-301F-11D3-BF4B-00C04F79EFBC}") = "Tests.Tortuga.Sails.source", "Tests.Tortuga.Sails.source\Tests.Tortuga.Sails.source.csproj", "{26B335A9-B68E-41AB-A7EA-2EE057B8455C}"
EndProject
Project("{FAE04EC0-301F-11D3-BF4B-00C04F79EFBC}") = "Tortuga.Sails.net45", "Tortuga.Sails.net45\Tortuga.Sails.net45.csproj", "{99F6D397-F488-4CE7-B5E8-1E6995004541}"
EndProject
Global
	GlobalSection(SolutionConfigurationPlatforms) = preSolution
		Debug|Any CPU = Debug|Any CPU
		Debug-Unchecked|Any CPU = Debug-Unchecked|Any CPU
		Release|Any CPU = Release|Any CPU
	EndGlobalSection
	GlobalSection(ProjectConfigurationPlatforms) = postSolution
		{AD24FB72-7191-4BEC-BE2E-82CAB1A333CE}.Debug|Any CPU.ActiveCfg = Debug|Any CPU
		{AD24FB72-7191-4BEC-BE2E-82CAB1A333CE}.Debug|Any CPU.Build.0 = Debug|Any CPU
		{AD24FB72-7191-4BEC-BE2E-82CAB1A333CE}.Debug-Unchecked|Any CPU.ActiveCfg = Debug-Unchecked|Any CPU
		{AD24FB72-7191-4BEC-BE2E-82CAB1A333CE}.Debug-Unchecked|Any CPU.Build.0 = Debug-Unchecked|Any CPU
		{AD24FB72-7191-4BEC-BE2E-82CAB1A333CE}.Release|Any CPU.ActiveCfg = Release|Any CPU
		{AD24FB72-7191-4BEC-BE2E-82CAB1A333CE}.Release|Any CPU.Build.0 = Release|Any CPU
		{9B7A5D57-48D9-4A5C-AA92-3BC5F45BDAD0}.Debug|Any CPU.ActiveCfg = Debug|Any CPU
		{9B7A5D57-48D9-4A5C-AA92-3BC5F45BDAD0}.Debug|Any CPU.Build.0 = Debug|Any CPU
		{9B7A5D57-48D9-4A5C-AA92-3BC5F45BDAD0}.Debug-Unchecked|Any CPU.ActiveCfg = Debug-Unchecked|Any CPU
		{9B7A5D57-48D9-4A5C-AA92-3BC5F45BDAD0}.Debug-Unchecked|Any CPU.Build.0 = Debug-Unchecked|Any CPU
		{9B7A5D57-48D9-4A5C-AA92-3BC5F45BDAD0}.Release|Any CPU.ActiveCfg = Release|Any CPU
		{9B7A5D57-48D9-4A5C-AA92-3BC5F45BDAD0}.Release|Any CPU.Build.0 = Release|Any CPU
		{26B335A9-B68E-41AB-A7EA-2EE057B8455C}.Debug|Any CPU.ActiveCfg = Debug|Any CPU
		{26B335A9-B68E-41AB-A7EA-2EE057B8455C}.Debug|Any CPU.Build.0 = Debug|Any CPU
		{26B335A9-B68E-41AB-A7EA-2EE057B8455C}.Debug-Unchecked|Any CPU.ActiveCfg = Debug|Any CPU
		{26B335A9-B68E-41AB-A7EA-2EE057B8455C}.Debug-Unchecked|Any CPU.Build.0 = Debug|Any CPU
		{26B335A9-B68E-41AB-A7EA-2EE057B8455C}.Release|Any CPU.ActiveCfg = Release|Any CPU
		{26B335A9-B68E-41AB-A7EA-2EE057B8455C}.Release|Any CPU.Build.0 = Release|Any CPU
		{99F6D397-F488-4CE7-B5E8-1E6995004541}.Debug|Any CPU.ActiveCfg = Debug|Any CPU
		{99F6D397-F488-4CE7-B5E8-1E6995004541}.Debug|Any CPU.Build.0 = Debug|Any CPU
		{99F6D397-F488-4CE7-B5E8-1E6995004541}.Debug-Unchecked|Any CPU.ActiveCfg = Debug|Any CPU
		{99F6D397-F488-4CE7-B5E8-1E6995004541}.Debug-Unchecked|Any CPU.Build.0 = Debug|Any CPU
		{99F6D397-F488-4CE7-B5E8-1E6995004541}.Release|Any CPU.ActiveCfg = Release|Any CPU
		{99F6D397-F488-4CE7-B5E8-1E6995004541}.Release|Any CPU.Build.0 = Release|Any CPU
	EndGlobalSection
	GlobalSection(SolutionProperties) = preSolution
		HideSolutionNode = FALSE
	EndGlobalSection
EndGlobal
