
Microsoft Visual Studio Solution File, Format Version 12.00
# Visual Studio Version 16
VisualStudioVersion = 16.0.29411.108
MinimumVisualStudioVersion = 10.0.40219.1
Project("{9A19103F-16F7-4668-BE54-9A1E7A4F7556}") = "Tortuga.Sails", "Tortuga.Sails\Tortuga.Sails.csproj", "{772492AF-84D9-489F-80F6-FEAC9772144C}"
EndProject
Project("{FAE04EC0-301F-11D3-BF4B-00C04F79EFBC}") = "Tortuga.Sails.Tests", "Tortuga.Sails.Tests\Tortuga.Sails.Tests.csproj", "{5186E39B-6DE6-4368-89D3-74D70824DC70}"
EndProject
Global
	GlobalSection(SolutionConfigurationPlatforms) = preSolution
		Debug|Any CPU = Debug|Any CPU
		Release|Any CPU = Release|Any CPU
	EndGlobalSection
	GlobalSection(ProjectConfigurationPlatforms) = postSolution
		{772492AF-84D9-489F-80F6-FEAC9772144C}.Debug|Any CPU.ActiveCfg = Debug|Any CPU
		{772492AF-84D9-489F-80F6-FEAC9772144C}.Debug|Any CPU.Build.0 = Debug|Any CPU
		{772492AF-84D9-489F-80F6-FEAC9772144C}.Release|Any CPU.ActiveCfg = Release|Any CPU
		{772492AF-84D9-489F-80F6-FEAC9772144C}.Release|Any CPU.Build.0 = Release|Any CPU
		{5186E39B-6DE6-4368-89D3-74D70824DC70}.Debug|Any CPU.ActiveCfg = Debug|Any CPU
		{5186E39B-6DE6-4368-89D3-74D70824DC70}.Debug|Any CPU.Build.0 = Debug|Any CPU
		{5186E39B-6DE6-4368-89D3-74D70824DC70}.Release|Any CPU.ActiveCfg = Release|Any CPU
		{5186E39B-6DE6-4368-89D3-74D70824DC70}.Release|Any CPU.Build.0 = Release|Any CPU
	EndGlobalSection
	GlobalSection(SolutionProperties) = preSolution
		HideSolutionNode = FALSE
	EndGlobalSection
	GlobalSection(ExtensibilityGlobals) = postSolution
		SolutionGuid = {EFF69DD8-0607-4D34-813F-916335A86863}
	EndGlobalSection
EndGlobal
